
Microsoft Visual Studio Solution File, Format Version 12.00
# Visual Studio Version 16
VisualStudioVersion = 16.0.30711.63
MinimumVisualStudioVersion = 10.0.40219.1
Project("{FAE04EC0-301F-11D3-BF4B-00C04F79EFBC}") = "Altairis.FutLabIS.Data", "Altairis.FutLabIS.Data\Altairis.FutLabIS.Data.csproj", "{56A9C789-5CA0-4C08-8207-D69372E10818}"
EndProject
Project("{FAE04EC0-301F-11D3-BF4B-00C04F79EFBC}") = "Altairis.FutLabIS.Web", "Altairis.FutLabIS.Web\Altairis.FutLabIS.Web.csproj", "{DB85AF3C-43EE-4DD3-9C23-8292630B7AEF}"
EndProject
Project("{2150E333-8FDC-42A3-9474-1A3956D46DE8}") = "Solution Items", "Solution Items", "{429D379A-4A77-41BB-AD0C-F03FADCB3344}"
	ProjectSection(SolutionItems) = preProject
		.gitignore = .gitignore
		LICENSE = LICENSE
		README.md = README.md
	EndProjectSection
EndProject
Global
	GlobalSection(SolutionConfigurationPlatforms) = preSolution
		Debug|Any CPU = Debug|Any CPU
		Release|Any CPU = Release|Any CPU
	EndGlobalSection
	GlobalSection(ProjectConfigurationPlatforms) = postSolution
		{56A9C789-5CA0-4C08-8207-D69372E10818}.Debug|Any CPU.ActiveCfg = Debug|Any CPU
		{56A9C789-5CA0-4C08-8207-D69372E10818}.Debug|Any CPU.Build.0 = Debug|Any CPU
		{56A9C789-5CA0-4C08-8207-D69372E10818}.Release|Any CPU.ActiveCfg = Release|Any CPU
		{56A9C789-5CA0-4C08-8207-D69372E10818}.Release|Any CPU.Build.0 = Release|Any CPU
		{DB85AF3C-43EE-4DD3-9C23-8292630B7AEF}.Debug|Any CPU.ActiveCfg = Debug|Any CPU
		{DB85AF3C-43EE-4DD3-9C23-8292630B7AEF}.Debug|Any CPU.Build.0 = Debug|Any CPU
		{DB85AF3C-43EE-4DD3-9C23-8292630B7AEF}.Release|Any CPU.ActiveCfg = Release|Any CPU
		{DB85AF3C-43EE-4DD3-9C23-8292630B7AEF}.Release|Any CPU.Build.0 = Release|Any CPU
	EndGlobalSection
	GlobalSection(SolutionProperties) = preSolution
		HideSolutionNode = FALSE
	EndGlobalSection
	GlobalSection(ExtensibilityGlobals) = postSolution
		SolutionGuid = {6F230D7F-70E8-44C0-BD0A-9EA08C18CBED}
	EndGlobalSection
EndGlobal
