{
  "name": "Altairis.ReP.Web",
  "version": "1.0.0",
  "lockfileVersion": 2,
  "requires": true,
  "packages": {
    "": {
      "dependencies": {
        "aspnet-client-validation": "^0.11.0"
      }
    },
    "node_modules/aspnet-client-validation": {
      "version": "0.11.0",
      "resolved": "https://registry.npmjs.org/aspnet-client-validation/-/aspnet-client-validation-0.11.0.tgz",
      "integrity": "sha512-/pbBn5UxgLN3S1eIHvhJOkHK+gcTmG5d1+nM8m2jHEmsjGk1COBL4sWhlegLOTVYXm5yrEBo6wlOztG4nHcg5A=="
    }
  },
  "dependencies": {
    "aspnet-client-validation": {
      "version": "0.11.0",
      "resolved": "https://registry.npmjs.org/aspnet-client-validation/-/aspnet-client-validation-0.11.0.tgz",
      "integrity": "sha512-/pbBn5UxgLN3S1eIHvhJOkHK+gcTmG5d1+nM8m2jHEmsjGk1COBL4sWhlegLOTVYXm5yrEBo6wlOztG4nHcg5A=="
    }
  }
}
