{
  "name": "myproject",
  "version": "1.0.0",
  "lockfileVersion": 2,
  "requires": true,
  "packages": {
    "": {
      "name": "myproject",
      "version": "1.0.0",
      "devDependencies": {
        "aspnet-validation": "^0.0.11",
        "es6-promise": "^4.2.8"
      }
    },
    "node_modules/aspnet-validation": {
      "version": "0.0.11",
      "resolved": "https://registry.npmjs.org/aspnet-validation/-/aspnet-validation-0.0.11.tgz",
      "integrity": "sha512-J1Xwj5hwrVaZ/vnlRT89d8rlUrRXyRtMdSj8nAbDn4AmdgO4rnq2TKyMB6tbE8C0eEafY25iRs3FYq0kYf315w==",
      "dev": true
    },
    "node_modules/es6-promise": {
      "version": "4.2.8",
      "resolved": "https://registry.npmjs.org/es6-promise/-/es6-promise-4.2.8.tgz",
      "integrity": "sha512-HJDGx5daxeIvxdBxvG2cb9g4tEvwIk3i8+nhX0yGrYmZUzbkdg8QbDevheDB8gd0//uPj4c1EQua8Q+MViT0/w==",
      "dev": true
    }
  },
  "dependencies": {
    "aspnet-validation": {
      "version": "0.0.11",
      "resolved": "https://registry.npmjs.org/aspnet-validation/-/aspnet-validation-0.0.11.tgz",
      "integrity": "sha512-J1Xwj5hwrVaZ/vnlRT89d8rlUrRXyRtMdSj8nAbDn4AmdgO4rnq2TKyMB6tbE8C0eEafY25iRs3FYq0kYf315w==",
      "dev": true
    },
    "es6-promise": {
      "version": "4.2.8",
      "resolved": "https://registry.npmjs.org/es6-promise/-/es6-promise-4.2.8.tgz",
      "integrity": "sha512-HJDGx5daxeIvxdBxvG2cb9g4tEvwIk3i8+nhX0yGrYmZUzbkdg8QbDevheDB8gd0//uPj4c1EQua8Q+MViT0/w==",
      "dev": true
    }
  }
}
